
Microsoft Visual Studio Solution File, Format Version 12.00
# Visual Studio Version 17
VisualStudioVersion = 17.6.33712.159
MinimumVisualStudioVersion = 10.0.40219.1
Project("{FAE04EC0-301F-11D3-BF4B-00C04F79EFBC}") = "PM2E10811.Android", "PM2E10811.Android\PM2E10811.Android.csproj", "{8BA54582-F06E-4F16-B8F9-C90FDC8577E2}"
EndProject
Project("{FAE04EC0-301F-11D3-BF4B-00C04F79EFBC}") = "PM2E10811", "PM2E10811\PM2E10811.csproj", "{2554905C-5240-44AC-AB87-2D53095CA28F}"
EndProject
Global
	GlobalSection(SolutionConfigurationPlatforms) = preSolution
		Debug|Any CPU = Debug|Any CPU
		Release|Any CPU = Release|Any CPU
	EndGlobalSection
	GlobalSection(ProjectConfigurationPlatforms) = postSolution
		{8BA54582-F06E-4F16-B8F9-C90FDC8577E2}.Debug|Any CPU.ActiveCfg = Debug|Any CPU
		{8BA54582-F06E-4F16-B8F9-C90FDC8577E2}.Debug|Any CPU.Build.0 = Debug|Any CPU
		{8BA54582-F06E-4F16-B8F9-C90FDC8577E2}.Debug|Any CPU.Deploy.0 = Debug|Any CPU
		{8BA54582-F06E-4F16-B8F9-C90FDC8577E2}.Release|Any CPU.ActiveCfg = Release|Any CPU
		{8BA54582-F06E-4F16-B8F9-C90FDC8577E2}.Release|Any CPU.Build.0 = Release|Any CPU
		{8BA54582-F06E-4F16-B8F9-C90FDC8577E2}.Release|Any CPU.Deploy.0 = Release|Any CPU
		{2554905C-5240-44AC-AB87-2D53095CA28F}.Debug|Any CPU.ActiveCfg = Debug|Any CPU
		{2554905C-5240-44AC-AB87-2D53095CA28F}.Debug|Any CPU.Build.0 = Debug|Any CPU
		{2554905C-5240-44AC-AB87-2D53095CA28F}.Debug|Any CPU.Deploy.0 = Debug|Any CPU
		{2554905C-5240-44AC-AB87-2D53095CA28F}.Release|Any CPU.ActiveCfg = Release|Any CPU
		{2554905C-5240-44AC-AB87-2D53095CA28F}.Release|Any CPU.Build.0 = Release|Any CPU
		{2554905C-5240-44AC-AB87-2D53095CA28F}.Release|Any CPU.Deploy.0 = Release|Any CPU
	EndGlobalSection
	GlobalSection(SolutionProperties) = preSolution
		HideSolutionNode = FALSE
	EndGlobalSection
	GlobalSection(ExtensibilityGlobals) = postSolution
		SolutionGuid = {E7E197F0-FB72-465E-8B9F-05CE065B439D}
	EndGlobalSection
EndGlobal
